// !$*UTF8*$!
{
	archiveVersion = 1;
	classes = {
	};
	objectVersion = 50;
	objects = {

/* Begin PBXBuildFile section */
		02B4B19AA174E3B3F146FEAF /* Pods_MacroPie.framework in Frameworks */ = {isa = PBXBuildFile; fileRef = 26C5CE270DC0A9618CBB89AC /* Pods_MacroPie.framework */; };
		FB8C0B1321C93CDA006A2210 /* SearchListViewModel.swift in Sources */ = {isa = PBXBuildFile; fileRef = FB8C0B1221C93CDA006A2210 /* SearchListViewModel.swift */; };
		FB8C0B1621C9DAE4006A2210 /* Result.swift in Sources */ = {isa = PBXBuildFile; fileRef = FB8C0B1521C9DAE4006A2210 /* Result.swift */; };
		FB8C0B1821C9DAF8006A2210 /* Endpoint.swift in Sources */ = {isa = PBXBuildFile; fileRef = FB8C0B1721C9DAF8006A2210 /* Endpoint.swift */; };
		FB8C0B1A21C9DBCE006A2210 /* APIError.swift in Sources */ = {isa = PBXBuildFile; fileRef = FB8C0B1921C9DBCE006A2210 /* APIError.swift */; };
		FB8C0B1C21C9DC2B006A2210 /* APIClient.swift in Sources */ = {isa = PBXBuildFile; fileRef = FB8C0B1B21C9DC2B006A2210 /* APIClient.swift */; };
		FB8C0B1E21C9E66E006A2210 /* SearchClient.swift in Sources */ = {isa = PBXBuildFile; fileRef = FB8C0B1D21C9E66E006A2210 /* SearchClient.swift */; };
		FB8C0B2021CAA05E006A2210 /* FoodReportClient.swift in Sources */ = {isa = PBXBuildFile; fileRef = FB8C0B1F21CAA05E006A2210 /* FoodReportClient.swift */; };
		FB8C0B2221CAA147006A2210 /* FoodItemReportViewModel.swift in Sources */ = {isa = PBXBuildFile; fileRef = FB8C0B2121CAA147006A2210 /* FoodItemReportViewModel.swift */; };
		FB8C0B2421CAA9D5006A2210 /* FoodItemReport.swift in Sources */ = {isa = PBXBuildFile; fileRef = FB8C0B2321CAA9D5006A2210 /* FoodItemReport.swift */; };
		FB8C0B2621CABC16006A2210 /* FoodReportViewController.swift in Sources */ = {isa = PBXBuildFile; fileRef = FB8C0B2521CABC16006A2210 /* FoodReportViewController.swift */; };
		FB9AC65121D53B600082B9AB /* SearchFoodItemsCoordinatorTests.swift in Sources */ = {isa = PBXBuildFile; fileRef = FB9AC65021D53B600082B9AB /* SearchFoodItemsCoordinatorTests.swift */; };
		FB9AC65421D557BB0082B9AB /* SearchListViewModelTests.swift in Sources */ = {isa = PBXBuildFile; fileRef = FB9AC65321D557BB0082B9AB /* SearchListViewModelTests.swift */; };
		FBC3CBB221C878AC00266D7B /* AppDelegate.swift in Sources */ = {isa = PBXBuildFile; fileRef = FBC3CBB121C878AC00266D7B /* AppDelegate.swift */; };
		FBC3CBB421C878AC00266D7B /* SearchViewController.swift in Sources */ = {isa = PBXBuildFile; fileRef = FBC3CBB321C878AC00266D7B /* SearchViewController.swift */; };
		FBC3CBB721C878AC00266D7B /* Search.storyboard in Resources */ = {isa = PBXBuildFile; fileRef = FBC3CBB521C878AC00266D7B /* Search.storyboard */; };
		FBC3CBBA21C878AC00266D7B /* MacroPie.xcdatamodeld in Sources */ = {isa = PBXBuildFile; fileRef = FBC3CBB821C878AC00266D7B /* MacroPie.xcdatamodeld */; };
		FBC3CBBC21C878AD00266D7B /* Assets.xcassets in Resources */ = {isa = PBXBuildFile; fileRef = FBC3CBBB21C878AD00266D7B /* Assets.xcassets */; };
		FBC3CBBF21C878AD00266D7B /* LaunchScreen.storyboard in Resources */ = {isa = PBXBuildFile; fileRef = FBC3CBBD21C878AD00266D7B /* LaunchScreen.storyboard */; };
		FBC3CBD521C878AE00266D7B /* MacroPieUITests.swift in Sources */ = {isa = PBXBuildFile; fileRef = FBC3CBD421C878AE00266D7B /* MacroPieUITests.swift */; };
		FBC3CBE421C878E900266D7B /* FoodItemsSearchResult.swift in Sources */ = {isa = PBXBuildFile; fileRef = FBC3CBE321C878E900266D7B /* FoodItemsSearchResult.swift */; };
		FBC3CBE621C87CDF00266D7B /* Coordinator.swift in Sources */ = {isa = PBXBuildFile; fileRef = FBC3CBE521C87CDF00266D7B /* Coordinator.swift */; };
		FBC3CBE821C87CE600266D7B /* SearchFoodItemsCoordinator.swift in Sources */ = {isa = PBXBuildFile; fileRef = FBC3CBE721C87CE600266D7B /* SearchFoodItemsCoordinator.swift */; };
		FBE34FAA21EABA66006EF506 /* FoodJournalViewController.swift in Sources */ = {isa = PBXBuildFile; fileRef = FBE34FA921EABA66006EF506 /* FoodJournalViewController.swift */; };
		FBF7BF1921D05429002BFA66 /* FoodReportViewModelTests.swift in Sources */ = {isa = PBXBuildFile; fileRef = FBF7BF1821D05429002BFA66 /* FoodReportViewModelTests.swift */; };
/* End PBXBuildFile section */

/* Begin PBXContainerItemProxy section */
		FBC3CBD121C878AE00266D7B /* PBXContainerItemProxy */ = {
			isa = PBXContainerItemProxy;
			containerPortal = FBC3CBA621C878AB00266D7B /* Project object */;
			proxyType = 1;
			remoteGlobalIDString = FBC3CBAD21C878AB00266D7B;
			remoteInfo = MacroPie;
		};
		FBF7BF1B21D05429002BFA66 /* PBXContainerItemProxy */ = {
			isa = PBXContainerItemProxy;
			containerPortal = FBC3CBA621C878AB00266D7B /* Project object */;
			proxyType = 1;
			remoteGlobalIDString = FBC3CBAD21C878AB00266D7B;
			remoteInfo = MacroPie;
		};
/* End PBXContainerItemProxy section */

/* Begin PBXFileReference section */
		26C5CE270DC0A9618CBB89AC /* Pods_MacroPie.framework */ = {isa = PBXFileReference; explicitFileType = wrapper.framework; includeInIndex = 0; path = Pods_MacroPie.framework; sourceTree = BUILT_PRODUCTS_DIR; };
		316BB66C2F15BB5C2C1BF087 /* Pods-MacroPie.release.xcconfig */ = {isa = PBXFileReference; includeInIndex = 1; lastKnownFileType = text.xcconfig; name = "Pods-MacroPie.release.xcconfig"; path = "Pods/Target Support Files/Pods-MacroPie/Pods-MacroPie.release.xcconfig"; sourceTree = "<group>"; };
		EF0C749ABC65C2AF57041393 /* Pods-MacroPie.debug.xcconfig */ = {isa = PBXFileReference; includeInIndex = 1; lastKnownFileType = text.xcconfig; name = "Pods-MacroPie.debug.xcconfig"; path = "Pods/Target Support Files/Pods-MacroPie/Pods-MacroPie.debug.xcconfig"; sourceTree = "<group>"; };
		FB8C0B1221C93CDA006A2210 /* SearchListViewModel.swift */ = {isa = PBXFileReference; lastKnownFileType = sourcecode.swift; path = SearchListViewModel.swift; sourceTree = "<group>"; };
		FB8C0B1521C9DAE4006A2210 /* Result.swift */ = {isa = PBXFileReference; lastKnownFileType = sourcecode.swift; path = Result.swift; sourceTree = "<group>"; };
		FB8C0B1721C9DAF8006A2210 /* Endpoint.swift */ = {isa = PBXFileReference; lastKnownFileType = sourcecode.swift; path = Endpoint.swift; sourceTree = "<group>"; };
		FB8C0B1921C9DBCE006A2210 /* APIError.swift */ = {isa = PBXFileReference; lastKnownFileType = sourcecode.swift; path = APIError.swift; sourceTree = "<group>"; };
		FB8C0B1B21C9DC2B006A2210 /* APIClient.swift */ = {isa = PBXFileReference; lastKnownFileType = sourcecode.swift; path = APIClient.swift; sourceTree = "<group>"; };
		FB8C0B1D21C9E66E006A2210 /* SearchClient.swift */ = {isa = PBXFileReference; lastKnownFileType = sourcecode.swift; path = SearchClient.swift; sourceTree = "<group>"; };
		FB8C0B1F21CAA05E006A2210 /* FoodReportClient.swift */ = {isa = PBXFileReference; lastKnownFileType = sourcecode.swift; path = FoodReportClient.swift; sourceTree = "<group>"; };
		FB8C0B2121CAA147006A2210 /* FoodItemReportViewModel.swift */ = {isa = PBXFileReference; lastKnownFileType = sourcecode.swift; path = FoodItemReportViewModel.swift; sourceTree = "<group>"; };
		FB8C0B2321CAA9D5006A2210 /* FoodItemReport.swift */ = {isa = PBXFileReference; lastKnownFileType = sourcecode.swift; path = FoodItemReport.swift; sourceTree = "<group>"; };
		FB8C0B2521CABC16006A2210 /* FoodReportViewController.swift */ = {isa = PBXFileReference; lastKnownFileType = sourcecode.swift; path = FoodReportViewController.swift; sourceTree = "<group>"; };
		FB9AC65021D53B600082B9AB /* SearchFoodItemsCoordinatorTests.swift */ = {isa = PBXFileReference; lastKnownFileType = sourcecode.swift; path = SearchFoodItemsCoordinatorTests.swift; sourceTree = "<group>"; };
		FB9AC65321D557BB0082B9AB /* SearchListViewModelTests.swift */ = {isa = PBXFileReference; lastKnownFileType = sourcecode.swift; path = SearchListViewModelTests.swift; sourceTree = "<group>"; };
		FBC3CBAE21C878AB00266D7B /* MacroPie.app */ = {isa = PBXFileReference; explicitFileType = wrapper.application; includeInIndex = 0; path = MacroPie.app; sourceTree = BUILT_PRODUCTS_DIR; };
		FBC3CBB121C878AC00266D7B /* AppDelegate.swift */ = {isa = PBXFileReference; lastKnownFileType = sourcecode.swift; path = AppDelegate.swift; sourceTree = "<group>"; };
		FBC3CBB321C878AC00266D7B /* SearchViewController.swift */ = {isa = PBXFileReference; lastKnownFileType = sourcecode.swift; path = SearchViewController.swift; sourceTree = "<group>"; };
		FBC3CBB621C878AC00266D7B /* Base */ = {isa = PBXFileReference; lastKnownFileType = file.storyboard; name = Base; path = Base.lproj/Search.storyboard; sourceTree = "<group>"; };
		FBC3CBB921C878AC00266D7B /* MacroPie.xcdatamodel */ = {isa = PBXFileReference; lastKnownFileType = wrapper.xcdatamodel; path = MacroPie.xcdatamodel; sourceTree = "<group>"; };
		FBC3CBBB21C878AD00266D7B /* Assets.xcassets */ = {isa = PBXFileReference; lastKnownFileType = folder.assetcatalog; path = Assets.xcassets; sourceTree = "<group>"; };
		FBC3CBBE21C878AD00266D7B /* Base */ = {isa = PBXFileReference; lastKnownFileType = file.storyboard; name = Base; path = Base.lproj/LaunchScreen.storyboard; sourceTree = "<group>"; };
		FBC3CBC021C878AD00266D7B /* Info.plist */ = {isa = PBXFileReference; lastKnownFileType = text.plist.xml; path = Info.plist; sourceTree = "<group>"; };
		FBC3CBD021C878AE00266D7B /* MacroPieUITests.xctest */ = {isa = PBXFileReference; explicitFileType = wrapper.cfbundle; includeInIndex = 0; path = MacroPieUITests.xctest; sourceTree = BUILT_PRODUCTS_DIR; };
		FBC3CBD421C878AE00266D7B /* MacroPieUITests.swift */ = {isa = PBXFileReference; lastKnownFileType = sourcecode.swift; path = MacroPieUITests.swift; sourceTree = "<group>"; };
		FBC3CBD621C878AE00266D7B /* Info.plist */ = {isa = PBXFileReference; lastKnownFileType = text.plist.xml; path = Info.plist; sourceTree = "<group>"; };
		FBC3CBE321C878E900266D7B /* FoodItemsSearchResult.swift */ = {isa = PBXFileReference; lastKnownFileType = sourcecode.swift; path = FoodItemsSearchResult.swift; sourceTree = "<group>"; };
		FBC3CBE521C87CDF00266D7B /* Coordinator.swift */ = {isa = PBXFileReference; fileEncoding = 4; lastKnownFileType = sourcecode.swift; path = Coordinator.swift; sourceTree = "<group>"; };
		FBC3CBE721C87CE600266D7B /* SearchFoodItemsCoordinator.swift */ = {isa = PBXFileReference; fileEncoding = 4; lastKnownFileType = sourcecode.swift; path = SearchFoodItemsCoordinator.swift; sourceTree = "<group>"; };
		FBE34FA921EABA66006EF506 /* FoodJournalViewController.swift */ = {isa = PBXFileReference; lastKnownFileType = sourcecode.swift; path = FoodJournalViewController.swift; sourceTree = "<group>"; };
		FBF7BF1621D05428002BFA66 /* MacroPieTests.xctest */ = {isa = PBXFileReference; explicitFileType = wrapper.cfbundle; includeInIndex = 0; path = MacroPieTests.xctest; sourceTree = BUILT_PRODUCTS_DIR; };
		FBF7BF1821D05429002BFA66 /* FoodReportViewModelTests.swift */ = {isa = PBXFileReference; lastKnownFileType = sourcecode.swift; path = FoodReportViewModelTests.swift; sourceTree = "<group>"; };
		FBF7BF1A21D05429002BFA66 /* Info.plist */ = {isa = PBXFileReference; lastKnownFileType = text.plist.xml; path = Info.plist; sourceTree = "<group>"; };
/* End PBXFileReference section */

/* Begin PBXFrameworksBuildPhase section */
		FBC3CBAB21C878AB00266D7B /* Frameworks */ = {
			isa = PBXFrameworksBuildPhase;
			buildActionMask = 2147483647;
			files = (
				02B4B19AA174E3B3F146FEAF /* Pods_MacroPie.framework in Frameworks */,
			);
			runOnlyForDeploymentPostprocessing = 0;
		};
		FBC3CBCD21C878AE00266D7B /* Frameworks */ = {
			isa = PBXFrameworksBuildPhase;
			buildActionMask = 2147483647;
			files = (
			);
			runOnlyForDeploymentPostprocessing = 0;
		};
		FBF7BF1321D05428002BFA66 /* Frameworks */ = {
			isa = PBXFrameworksBuildPhase;
			buildActionMask = 2147483647;
			files = (
			);
			runOnlyForDeploymentPostprocessing = 0;
		};
/* End PBXFrameworksBuildPhase section */

/* Begin PBXGroup section */
		27E19B2FC8A73EF04A673273 /* Pods */ = {
			isa = PBXGroup;
			children = (
				EF0C749ABC65C2AF57041393 /* Pods-MacroPie.debug.xcconfig */,
				316BB66C2F15BB5C2C1BF087 /* Pods-MacroPie.release.xcconfig */,
			);
			name = Pods;
			sourceTree = "<group>";
		};
		5898527C015433ACFE24DCCC /* Frameworks */ = {
			isa = PBXGroup;
			children = (
				26C5CE270DC0A9618CBB89AC /* Pods_MacroPie.framework */,
			);
			name = Frameworks;
			sourceTree = "<group>";
		};
		FB8C0B1421C9DAD5006A2210 /* Networking */ = {
			isa = PBXGroup;
			children = (
				FB8C0B1521C9DAE4006A2210 /* Result.swift */,
				FB8C0B1721C9DAF8006A2210 /* Endpoint.swift */,
				FB8C0B1921C9DBCE006A2210 /* APIError.swift */,
				FB8C0B1B21C9DC2B006A2210 /* APIClient.swift */,
				FB8C0B1D21C9E66E006A2210 /* SearchClient.swift */,
				FB8C0B1F21CAA05E006A2210 /* FoodReportClient.swift */,
			);
			path = Networking;
			sourceTree = "<group>";
		};
		FBC3CBA521C878AB00266D7B = {
			isa = PBXGroup;
			children = (
				FBC3CBB021C878AC00266D7B /* MacroPie */,
				FBF7BF1721D05429002BFA66 /* MacroPieTests */,
				FBC3CBD321C878AE00266D7B /* MacroPieUITests */,
				FBC3CBAF21C878AB00266D7B /* Products */,
				27E19B2FC8A73EF04A673273 /* Pods */,
				5898527C015433ACFE24DCCC /* Frameworks */,
			);
			sourceTree = "<group>";
		};
		FBC3CBAF21C878AB00266D7B /* Products */ = {
			isa = PBXGroup;
			children = (
				FBC3CBAE21C878AB00266D7B /* MacroPie.app */,
				FBC3CBD021C878AE00266D7B /* MacroPieUITests.xctest */,
				FBF7BF1621D05428002BFA66 /* MacroPieTests.xctest */,
			);
			name = Products;
			sourceTree = "<group>";
		};
		FBC3CBB021C878AC00266D7B /* MacroPie */ = {
			isa = PBXGroup;
			children = (
				FBC3CBB121C878AC00266D7B /* AppDelegate.swift */,
				FBC3CBE521C87CDF00266D7B /* Coordinator.swift */,
				FBC3CBE721C87CE600266D7B /* SearchFoodItemsCoordinator.swift */,
				FB8C0B1421C9DAD5006A2210 /* Networking */,
				FBC3CBE221C878C100266D7B /* Models */,
				FBC3CBEB21C8824000266D7B /* ViewModels */,
				FBC3CBE921C87E2500266D7B /* ViewControllers */,
				FBC3CBEA21C87E5500266D7B /* Views */,
				FBC3CBBB21C878AD00266D7B /* Assets.xcassets */,
				FBC3CBBD21C878AD00266D7B /* LaunchScreen.storyboard */,
				FBC3CBC021C878AD00266D7B /* Info.plist */,
				FBC3CBB821C878AC00266D7B /* MacroPie.xcdatamodeld */,
			);
			path = MacroPie;
			sourceTree = "<group>";
		};
		FBC3CBD321C878AE00266D7B /* MacroPieUITests */ = {
			isa = PBXGroup;
			children = (
				FBC3CBD421C878AE00266D7B /* MacroPieUITests.swift */,
				FBC3CBD621C878AE00266D7B /* Info.plist */,
			);
			path = MacroPieUITests;
			sourceTree = "<group>";
		};
		FBC3CBE221C878C100266D7B /* Models */ = {
			isa = PBXGroup;
			children = (
				FBC3CBE321C878E900266D7B /* FoodItemsSearchResult.swift */,
				FB8C0B2321CAA9D5006A2210 /* FoodItemReport.swift */,
			);
			path = Models;
			sourceTree = "<group>";
		};
		FBC3CBE921C87E2500266D7B /* ViewControllers */ = {
			isa = PBXGroup;
			children = (
				FBE34FA921EABA66006EF506 /* FoodJournalViewController.swift */,
				FBC3CBB321C878AC00266D7B /* SearchViewController.swift */,
				FB8C0B2521CABC16006A2210 /* FoodReportViewController.swift */,
			);
			path = ViewControllers;
			sourceTree = "<group>";
		};
		FBC3CBEA21C87E5500266D7B /* Views */ = {
			isa = PBXGroup;
			children = (
				FBC3CBB521C878AC00266D7B /* Search.storyboard */,
			);
			path = Views;
			sourceTree = "<group>";
		};
		FBC3CBEB21C8824000266D7B /* ViewModels */ = {
			isa = PBXGroup;
			children = (
				FB8C0B1221C93CDA006A2210 /* SearchListViewModel.swift */,
				FB8C0B2121CAA147006A2210 /* FoodItemReportViewModel.swift */,
			);
			path = ViewModels;
			sourceTree = "<group>";
		};
		FBF7BF1721D05429002BFA66 /* MacroPieTests */ = {
			isa = PBXGroup;
			children = (
				FB9AC65021D53B600082B9AB /* SearchFoodItemsCoordinatorTests.swift */,
				FB9AC65321D557BB0082B9AB /* SearchListViewModelTests.swift */,
				FBF7BF1821D05429002BFA66 /* FoodReportViewModelTests.swift */,
				FBF7BF1A21D05429002BFA66 /* Info.plist */,
			);
			path = MacroPieTests;
			sourceTree = "<group>";
		};
/* End PBXGroup section */

/* Begin PBXNativeTarget section */
		FBC3CBAD21C878AB00266D7B /* MacroPie */ = {
			isa = PBXNativeTarget;
			buildConfigurationList = FBC3CBD921C878AE00266D7B /* Build configuration list for PBXNativeTarget "MacroPie" */;
			buildPhases = (
				0D1EFE097F0034AD807F236F /* [CP] Check Pods Manifest.lock */,
				FBC3CBAA21C878AB00266D7B /* Sources */,
				FBC3CBAB21C878AB00266D7B /* Frameworks */,
				FBC3CBAC21C878AB00266D7B /* Resources */,
				FD32D37CFC065C679894C8C9 /* [CP] Embed Pods Frameworks */,
			);
			buildRules = (
			);
			dependencies = (
			);
			name = MacroPie;
			productName = MacroPie;
			productReference = FBC3CBAE21C878AB00266D7B /* MacroPie.app */;
			productType = "com.apple.product-type.application";
		};
		FBC3CBCF21C878AE00266D7B /* MacroPieUITests */ = {
			isa = PBXNativeTarget;
			buildConfigurationList = FBC3CBDF21C878AE00266D7B /* Build configuration list for PBXNativeTarget "MacroPieUITests" */;
			buildPhases = (
				FBC3CBCC21C878AE00266D7B /* Sources */,
				FBC3CBCD21C878AE00266D7B /* Frameworks */,
				FBC3CBCE21C878AE00266D7B /* Resources */,
			);
			buildRules = (
			);
			dependencies = (
				FBC3CBD221C878AE00266D7B /* PBXTargetDependency */,
			);
			name = MacroPieUITests;
			productName = MacroPieUITests;
			productReference = FBC3CBD021C878AE00266D7B /* MacroPieUITests.xctest */;
			productType = "com.apple.product-type.bundle.ui-testing";
		};
		FBF7BF1521D05428002BFA66 /* MacroPieTests */ = {
			isa = PBXNativeTarget;
			buildConfigurationList = FBF7BF1D21D05429002BFA66 /* Build configuration list for PBXNativeTarget "MacroPieTests" */;
			buildPhases = (
				FBF7BF1221D05428002BFA66 /* Sources */,
				FBF7BF1321D05428002BFA66 /* Frameworks */,
				FBF7BF1421D05428002BFA66 /* Resources */,
			);
			buildRules = (
			);
			dependencies = (
				FBF7BF1C21D05429002BFA66 /* PBXTargetDependency */,
			);
			name = MacroPieTests;
			productName = MacroPieTests;
			productReference = FBF7BF1621D05428002BFA66 /* MacroPieTests.xctest */;
			productType = "com.apple.product-type.bundle.unit-test";
		};
/* End PBXNativeTarget section */

/* Begin PBXProject section */
		FBC3CBA621C878AB00266D7B /* Project object */ = {
			isa = PBXProject;
			attributes = {
				LastSwiftUpdateCheck = 1010;
				LastUpgradeCheck = 1010;
				ORGANIZATIONNAME = "Basel Abdelaziz";
				TargetAttributes = {
					FBC3CBAD21C878AB00266D7B = {
						CreatedOnToolsVersion = 10.1;
					};
					FBC3CBCF21C878AE00266D7B = {
						CreatedOnToolsVersion = 10.1;
						TestTargetID = FBC3CBAD21C878AB00266D7B;
					};
					FBF7BF1521D05428002BFA66 = {
						CreatedOnToolsVersion = 10.1;
						TestTargetID = FBC3CBAD21C878AB00266D7B;
					};
				};
			};
			buildConfigurationList = FBC3CBA921C878AB00266D7B /* Build configuration list for PBXProject "MacroPie" */;
			compatibilityVersion = "Xcode 9.3";
			developmentRegion = en;
			hasScannedForEncodings = 0;
			knownRegions = (
				en,
				Base,
			);
			mainGroup = FBC3CBA521C878AB00266D7B;
			productRefGroup = FBC3CBAF21C878AB00266D7B /* Products */;
			projectDirPath = "";
			projectRoot = "";
			targets = (
				FBC3CBAD21C878AB00266D7B /* MacroPie */,
				FBF7BF1521D05428002BFA66 /* MacroPieTests */,
				FBC3CBCF21C878AE00266D7B /* MacroPieUITests */,
			);
		};
/* End PBXProject section */

/* Begin PBXResourcesBuildPhase section */
		FBC3CBAC21C878AB00266D7B /* Resources */ = {
			isa = PBXResourcesBuildPhase;
			buildActionMask = 2147483647;
			files = (
				FBC3CBBF21C878AD00266D7B /* LaunchScreen.storyboard in Resources */,
				FBC3CBBC21C878AD00266D7B /* Assets.xcassets in Resources */,
				FBC3CBB721C878AC00266D7B /* Search.storyboard in Resources */,
			);
			runOnlyForDeploymentPostprocessing = 0;
		};
		FBC3CBCE21C878AE00266D7B /* Resources */ = {
			isa = PBXResourcesBuildPhase;
			buildActionMask = 2147483647;
			files = (
			);
			runOnlyForDeploymentPostprocessing = 0;
		};
		FBF7BF1421D05428002BFA66 /* Resources */ = {
			isa = PBXResourcesBuildPhase;
			buildActionMask = 2147483647;
			files = (
			);
			runOnlyForDeploymentPostprocessing = 0;
		};
/* End PBXResourcesBuildPhase section */

/* Begin PBXShellScriptBuildPhase section */
		0D1EFE097F0034AD807F236F /* [CP] Check Pods Manifest.lock */ = {
			isa = PBXShellScriptBuildPhase;
			buildActionMask = 2147483647;
			files = (
			);
			inputPaths = (
				"${PODS_PODFILE_DIR_PATH}/Podfile.lock",
				"${PODS_ROOT}/Manifest.lock",
			);
			name = "[CP] Check Pods Manifest.lock";
			outputPaths = (
				"$(DERIVED_FILE_DIR)/Pods-MacroPie-checkManifestLockResult.txt",
			);
			runOnlyForDeploymentPostprocessing = 0;
			shellPath = /bin/sh;
			shellScript = "diff \"${PODS_PODFILE_DIR_PATH}/Podfile.lock\" \"${PODS_ROOT}/Manifest.lock\" > /dev/null\nif [ $? != 0 ] ; then\n    # print error to STDERR\n    echo \"error: The sandbox is not in sync with the Podfile.lock. Run 'pod install' or update your CocoaPods installation.\" >&2\n    exit 1\nfi\n# This output is used by Xcode 'outputs' to avoid re-running this script phase.\necho \"SUCCESS\" > \"${SCRIPT_OUTPUT_FILE_0}\"\n";
			showEnvVarsInLog = 0;
		};
		FD32D37CFC065C679894C8C9 /* [CP] Embed Pods Frameworks */ = {
			isa = PBXShellScriptBuildPhase;
			buildActionMask = 2147483647;
			files = (
			);
			inputPaths = (
				"${SRCROOT}/Pods/Target Support Files/Pods-MacroPie/Pods-MacroPie-frameworks.sh",
				"${BUILT_PRODUCTS_DIR}/Charts/Charts.framework",
				"${BUILT_PRODUCTS_DIR}/RxCocoa/RxCocoa.framework",
				"${BUILT_PRODUCTS_DIR}/RxSwift/RxSwift.framework",
			);
			name = "[CP] Embed Pods Frameworks";
			outputPaths = (
				"${TARGET_BUILD_DIR}/${FRAMEWORKS_FOLDER_PATH}/Charts.framework",
				"${TARGET_BUILD_DIR}/${FRAMEWORKS_FOLDER_PATH}/RxCocoa.framework",
				"${TARGET_BUILD_DIR}/${FRAMEWORKS_FOLDER_PATH}/RxSwift.framework",
			);
			runOnlyForDeploymentPostprocessing = 0;
			shellPath = /bin/sh;
			shellScript = "\"${SRCROOT}/Pods/Target Support Files/Pods-MacroPie/Pods-MacroPie-frameworks.sh\"\n";
			showEnvVarsInLog = 0;
		};
/* End PBXShellScriptBuildPhase section */

/* Begin PBXSourcesBuildPhase section */
		FBC3CBAA21C878AB00266D7B /* Sources */ = {
			isa = PBXSourcesBuildPhase;
			buildActionMask = 2147483647;
			files = (
				FB8C0B2021CAA05E006A2210 /* FoodReportClient.swift in Sources */,
				FBC3CBE821C87CE600266D7B /* SearchFoodItemsCoordinator.swift in Sources */,
				FB8C0B1821C9DAF8006A2210 /* Endpoint.swift in Sources */,
				FB8C0B1E21C9E66E006A2210 /* SearchClient.swift in Sources */,
				FB8C0B1321C93CDA006A2210 /* SearchListViewModel.swift in Sources */,
				FB8C0B2221CAA147006A2210 /* FoodItemReportViewModel.swift in Sources */,
				FB8C0B1A21C9DBCE006A2210 /* APIError.swift in Sources */,
				FBC3CBB421C878AC00266D7B /* SearchViewController.swift in Sources */,
				FB8C0B2621CABC16006A2210 /* FoodReportViewController.swift in Sources */,
				FBE34FAA21EABA66006EF506 /* FoodJournalViewController.swift in Sources */,
				FB8C0B1C21C9DC2B006A2210 /* APIClient.swift in Sources */,
				FB8C0B2421CAA9D5006A2210 /* FoodItemReport.swift in Sources */,
				FBC3CBE421C878E900266D7B /* FoodItemsSearchResult.swift in Sources */,
				FBC3CBE621C87CDF00266D7B /* Coordinator.swift in Sources */,
				FBC3CBB221C878AC00266D7B /* AppDelegate.swift in Sources */,
				FB8C0B1621C9DAE4006A2210 /* Result.swift in Sources */,
				FBC3CBBA21C878AC00266D7B /* MacroPie.xcdatamodeld in Sources */,
			);
			runOnlyForDeploymentPostprocessing = 0;
		};
		FBC3CBCC21C878AE00266D7B /* Sources */ = {
			isa = PBXSourcesBuildPhase;
			buildActionMask = 2147483647;
			files = (
				FBC3CBD521C878AE00266D7B /* MacroPieUITests.swift in Sources */,
			);
			runOnlyForDeploymentPostprocessing = 0;
		};
		FBF7BF1221D05428002BFA66 /* Sources */ = {
			isa = PBXSourcesBuildPhase;
			buildActionMask = 2147483647;
			files = (
				FBF7BF1921D05429002BFA66 /* FoodReportViewModelTests.swift in Sources */,
				FB9AC65121D53B600082B9AB /* SearchFoodItemsCoordinatorTests.swift in Sources */,
				FB9AC65421D557BB0082B9AB /* SearchListViewModelTests.swift in Sources */,
			);
			runOnlyForDeploymentPostprocessing = 0;
		};
/* End PBXSourcesBuildPhase section */

/* Begin PBXTargetDependency section */
		FBC3CBD221C878AE00266D7B /* PBXTargetDependency */ = {
			isa = PBXTargetDependency;
			target = FBC3CBAD21C878AB00266D7B /* MacroPie */;
			targetProxy = FBC3CBD121C878AE00266D7B /* PBXContainerItemProxy */;
		};
		FBF7BF1C21D05429002BFA66 /* PBXTargetDependency */ = {
			isa = PBXTargetDependency;
			target = FBC3CBAD21C878AB00266D7B /* MacroPie */;
			targetProxy = FBF7BF1B21D05429002BFA66 /* PBXContainerItemProxy */;
		};
/* End PBXTargetDependency section */

/* Begin PBXVariantGroup section */
		FBC3CBB521C878AC00266D7B /* Search.storyboard */ = {
			isa = PBXVariantGroup;
			children = (
				FBC3CBB621C878AC00266D7B /* Base */,
			);
			name = Search.storyboard;
			sourceTree = "<group>";
		};
		FBC3CBBD21C878AD00266D7B /* LaunchScreen.storyboard */ = {
			isa = PBXVariantGroup;
			children = (
				FBC3CBBE21C878AD00266D7B /* Base */,
			);
			name = LaunchScreen.storyboard;
			sourceTree = "<group>";
		};
/* End PBXVariantGroup section */

/* Begin XCBuildConfiguration section */
		FBC3CBD721C878AE00266D7B /* Debug */ = {
			isa = XCBuildConfiguration;
			buildSettings = {
				ALWAYS_SEARCH_USER_PATHS = NO;
				CLANG_ANALYZER_NONNULL = YES;
				CLANG_ANALYZER_NUMBER_OBJECT_CONVERSION = YES_AGGRESSIVE;
				CLANG_CXX_LANGUAGE_STANDARD = "gnu++14";
				CLANG_CXX_LIBRARY = "libc++";
				CLANG_ENABLE_MODULES = YES;
				CLANG_ENABLE_OBJC_ARC = YES;
				CLANG_ENABLE_OBJC_WEAK = YES;
				CLANG_WARN_BLOCK_CAPTURE_AUTORELEASING = YES;
				CLANG_WARN_BOOL_CONVERSION = YES;
				CLANG_WARN_COMMA = YES;
				CLANG_WARN_CONSTANT_CONVERSION = YES;
				CLANG_WARN_DEPRECATED_OBJC_IMPLEMENTATIONS = YES;
				CLANG_WARN_DIRECT_OBJC_ISA_USAGE = YES_ERROR;
				CLANG_WARN_DOCUMENTATION_COMMENTS = YES;
				CLANG_WARN_EMPTY_BODY = YES;
				CLANG_WARN_ENUM_CONVERSION = YES;
				CLANG_WARN_INFINITE_RECURSION = YES;
				CLANG_WARN_INT_CONVERSION = YES;
				CLANG_WARN_NON_LITERAL_NULL_CONVERSION = YES;
				CLANG_WARN_OBJC_IMPLICIT_RETAIN_SELF = YES;
				CLANG_WARN_OBJC_LITERAL_CONVERSION = YES;
				CLANG_WARN_OBJC_ROOT_CLASS = YES_ERROR;
				CLANG_WARN_RANGE_LOOP_ANALYSIS = YES;
				CLANG_WARN_STRICT_PROTOTYPES = YES;
				CLANG_WARN_SUSPICIOUS_MOVE = YES;
				CLANG_WARN_UNGUARDED_AVAILABILITY = YES_AGGRESSIVE;
				CLANG_WARN_UNREACHABLE_CODE = YES;
				CLANG_WARN__DUPLICATE_METHOD_MATCH = YES;
				CODE_SIGN_IDENTITY = "iPhone Developer";
				COPY_PHASE_STRIP = NO;
				DEBUG_INFORMATION_FORMAT = dwarf;
				ENABLE_STRICT_OBJC_MSGSEND = YES;
				ENABLE_TESTABILITY = YES;
				GCC_C_LANGUAGE_STANDARD = gnu11;
				GCC_DYNAMIC_NO_PIC = NO;
				GCC_NO_COMMON_BLOCKS = YES;
				GCC_OPTIMIZATION_LEVEL = 0;
				GCC_PREPROCESSOR_DEFINITIONS = (
					"DEBUG=1",
					"$(inherited)",
				);
				GCC_WARN_64_TO_32_BIT_CONVERSION = YES;
				GCC_WARN_ABOUT_RETURN_TYPE = YES_ERROR;
				GCC_WARN_UNDECLARED_SELECTOR = YES;
				GCC_WARN_UNINITIALIZED_AUTOS = YES_AGGRESSIVE;
				GCC_WARN_UNUSED_FUNCTION = YES;
				GCC_WARN_UNUSED_VARIABLE = YES;
				IPHONEOS_DEPLOYMENT_TARGET = 12.1;
				MTL_ENABLE_DEBUG_INFO = INCLUDE_SOURCE;
				MTL_FAST_MATH = YES;
				ONLY_ACTIVE_ARCH = YES;
				SDKROOT = iphoneos;
				SWIFT_ACTIVE_COMPILATION_CONDITIONS = DEBUG;
				SWIFT_OPTIMIZATION_LEVEL = "-Onone";
			};
			name = Debug;
		};
		FBC3CBD821C878AE00266D7B /* Release */ = {
			isa = XCBuildConfiguration;
			buildSettings = {
				ALWAYS_SEARCH_USER_PATHS = NO;
				CLANG_ANALYZER_NONNULL = YES;
				CLANG_ANALYZER_NUMBER_OBJECT_CONVERSION = YES_AGGRESSIVE;
				CLANG_CXX_LANGUAGE_STANDARD = "gnu++14";
				CLANG_CXX_LIBRARY = "libc++";
				CLANG_ENABLE_MODULES = YES;
				CLANG_ENABLE_OBJC_ARC = YES;
				CLANG_ENABLE_OBJC_WEAK = YES;
				CLANG_WARN_BLOCK_CAPTURE_AUTORELEASING = YES;
				CLANG_WARN_BOOL_CONVERSION = YES;
				CLANG_WARN_COMMA = YES;
				CLANG_WARN_CONSTANT_CONVERSION = YES;
				CLANG_WARN_DEPRECATED_OBJC_IMPLEMENTATIONS = YES;
				CLANG_WARN_DIRECT_OBJC_ISA_USAGE = YES_ERROR;
				CLANG_WARN_DOCUMENTATION_COMMENTS = YES;
				CLANG_WARN_EMPTY_BODY = YES;
				CLANG_WARN_ENUM_CONVERSION = YES;
				CLANG_WARN_INFINITE_RECURSION = YES;
				CLANG_WARN_INT_CONVERSION = YES;
				CLANG_WARN_NON_LITERAL_NULL_CONVERSION = YES;
				CLANG_WARN_OBJC_IMPLICIT_RETAIN_SELF = YES;
				CLANG_WARN_OBJC_LITERAL_CONVERSION = YES;
				CLANG_WARN_OBJC_ROOT_CLASS = YES_ERROR;
				CLANG_WARN_RANGE_LOOP_ANALYSIS = YES;
				CLANG_WARN_STRICT_PROTOTYPES = YES;
				CLANG_WARN_SUSPICIOUS_MOVE = YES;
				CLANG_WARN_UNGUARDED_AVAILABILITY = YES_AGGRESSIVE;
				CLANG_WARN_UNREACHABLE_CODE = YES;
				CLANG_WARN__DUPLICATE_METHOD_MATCH = YES;
				CODE_SIGN_IDENTITY = "iPhone Developer";
				COPY_PHASE_STRIP = NO;
				DEBUG_INFORMATION_FORMAT = "dwarf-with-dsym";
				ENABLE_NS_ASSERTIONS = NO;
				ENABLE_STRICT_OBJC_MSGSEND = YES;
				GCC_C_LANGUAGE_STANDARD = gnu11;
				GCC_NO_COMMON_BLOCKS = YES;
				GCC_WARN_64_TO_32_BIT_CONVERSION = YES;
				GCC_WARN_ABOUT_RETURN_TYPE = YES_ERROR;
				GCC_WARN_UNDECLARED_SELECTOR = YES;
				GCC_WARN_UNINITIALIZED_AUTOS = YES_AGGRESSIVE;
				GCC_WARN_UNUSED_FUNCTION = YES;
				GCC_WARN_UNUSED_VARIABLE = YES;
				IPHONEOS_DEPLOYMENT_TARGET = 12.1;
				MTL_ENABLE_DEBUG_INFO = NO;
				MTL_FAST_MATH = YES;
				SDKROOT = iphoneos;
				SWIFT_COMPILATION_MODE = wholemodule;
				SWIFT_OPTIMIZATION_LEVEL = "-O";
				VALIDATE_PRODUCT = YES;
			};
			name = Release;
		};
		FBC3CBDA21C878AE00266D7B /* Debug */ = {
			isa = XCBuildConfiguration;
			baseConfigurationReference = EF0C749ABC65C2AF57041393 /* Pods-MacroPie.debug.xcconfig */;
			buildSettings = {
				ASSETCATALOG_COMPILER_APPICON_NAME = AppIcon;
				CODE_SIGN_STYLE = Automatic;
				DEVELOPMENT_TEAM = 7L3M3UQG6N;
				INFOPLIST_FILE = MacroPie/Info.plist;
				LD_RUNPATH_SEARCH_PATHS = (
					"$(inherited)",
					"@executable_path/Frameworks",
				);
				PRODUCT_BUNDLE_IDENTIFIER = com.baselaz.MacroPie;
				PRODUCT_NAME = "$(TARGET_NAME)";
				SWIFT_VERSION = 4.2;
				TARGETED_DEVICE_FAMILY = "1,2";
			};
			name = Debug;
		};
		FBC3CBDB21C878AE00266D7B /* Release */ = {
			isa = XCBuildConfiguration;
			baseConfigurationReference = 316BB66C2F15BB5C2C1BF087 /* Pods-MacroPie.release.xcconfig */;
			buildSettings = {
				ASSETCATALOG_COMPILER_APPICON_NAME = AppIcon;
				CODE_SIGN_STYLE = Automatic;
				DEVELOPMENT_TEAM = 7L3M3UQG6N;
				INFOPLIST_FILE = MacroPie/Info.plist;
				LD_RUNPATH_SEARCH_PATHS = (
					"$(inherited)",
					"@executable_path/Frameworks",
				);
				PRODUCT_BUNDLE_IDENTIFIER = com.baselaz.MacroPie;
				PRODUCT_NAME = "$(TARGET_NAME)";
				SWIFT_VERSION = 4.2;
				TARGETED_DEVICE_FAMILY = "1,2";
			};
			name = Release;
		};
		FBC3CBE021C878AE00266D7B /* Debug */ = {
			isa = XCBuildConfiguration;
			buildSettings = {
				ALWAYS_EMBED_SWIFT_STANDARD_LIBRARIES = YES;
				CODE_SIGN_STYLE = Automatic;
				DEVELOPMENT_TEAM = 7L3M3UQG6N;
				INFOPLIST_FILE = MacroPieUITests/Info.plist;
				LD_RUNPATH_SEARCH_PATHS = (
					"$(inherited)",
					"@executable_path/Frameworks",
					"@loader_path/Frameworks",
				);
				PRODUCT_BUNDLE_IDENTIFIER = com.baselaz.MacroPieUITests;
				PRODUCT_NAME = "$(TARGET_NAME)";
				SWIFT_VERSION = 4.2;
				TARGETED_DEVICE_FAMILY = "1,2";
				TEST_TARGET_NAME = MacroPie;
			};
			name = Debug;
		};
		FBC3CBE121C878AE00266D7B /* Release */ = {
			isa = XCBuildConfiguration;
			buildSettings = {
				ALWAYS_EMBED_SWIFT_STANDARD_LIBRARIES = YES;
				CODE_SIGN_STYLE = Automatic;
				DEVELOPMENT_TEAM = 7L3M3UQG6N;
				INFOPLIST_FILE = MacroPieUITests/Info.plist;
				LD_RUNPATH_SEARCH_PATHS = (
					"$(inherited)",
					"@executable_path/Frameworks",
					"@loader_path/Frameworks",
				);
				PRODUCT_BUNDLE_IDENTIFIER = com.baselaz.MacroPieUITests;
				PRODUCT_NAME = "$(TARGET_NAME)";
				SWIFT_VERSION = 4.2;
				TARGETED_DEVICE_FAMILY = "1,2";
				TEST_TARGET_NAME = MacroPie;
			};
			name = Release;
		};
		FBF7BF1E21D05429002BFA66 /* Debug */ = {
			isa = XCBuildConfiguration;
			buildSettings = {
				BUNDLE_LOADER = "$(TEST_HOST)";
				CODE_SIGN_STYLE = Automatic;
				DEVELOPMENT_TEAM = 7L3M3UQG6N;
				INFOPLIST_FILE = MacroPieTests/Info.plist;
				LD_RUNPATH_SEARCH_PATHS = (
					"$(inherited)",
					"@executable_path/Frameworks",
					"@loader_path/Frameworks",
				);
				PRODUCT_BUNDLE_IDENTIFIER = com.baselaz.MacroPieTests;
				PRODUCT_NAME = "$(TARGET_NAME)";
				SWIFT_VERSION = 4.2;
				TARGETED_DEVICE_FAMILY = "1,2";
				TEST_HOST = "$(BUILT_PRODUCTS_DIR)/MacroPie.app/MacroPie";
			};
			name = Debug;
		};
		FBF7BF1F21D05429002BFA66 /* Release */ = {
			isa = XCBuildConfiguration;
			buildSettings = {
				BUNDLE_LOADER = "$(TEST_HOST)";
				CODE_SIGN_STYLE = Automatic;
				DEVELOPMENT_TEAM = 7L3M3UQG6N;
				INFOPLIST_FILE = MacroPieTests/Info.plist;
				LD_RUNPATH_SEARCH_PATHS = (
					"$(inherited)",
					"@executable_path/Frameworks",
					"@loader_path/Frameworks",
				);
				PRODUCT_BUNDLE_IDENTIFIER = com.baselaz.MacroPieTests;
				PRODUCT_NAME = "$(TARGET_NAME)";
				SWIFT_VERSION = 4.2;
				TARGETED_DEVICE_FAMILY = "1,2";
				TEST_HOST = "$(BUILT_PRODUCTS_DIR)/MacroPie.app/MacroPie";
			};
			name = Release;
		};
/* End XCBuildConfiguration section */

/* Begin XCConfigurationList section */
		FBC3CBA921C878AB00266D7B /* Build configuration list for PBXProject "MacroPie" */ = {
			isa = XCConfigurationList;
			buildConfigurations = (
				FBC3CBD721C878AE00266D7B /* Debug */,
				FBC3CBD821C878AE00266D7B /* Release */,
			);
			defaultConfigurationIsVisible = 0;
			defaultConfigurationName = Release;
		};
		FBC3CBD921C878AE00266D7B /* Build configuration list for PBXNativeTarget "MacroPie" */ = {
			isa = XCConfigurationList;
			buildConfigurations = (
				FBC3CBDA21C878AE00266D7B /* Debug */,
				FBC3CBDB21C878AE00266D7B /* Release */,
			);
			defaultConfigurationIsVisible = 0;
			defaultConfigurationName = Release;
		};
		FBC3CBDF21C878AE00266D7B /* Build configuration list for PBXNativeTarget "MacroPieUITests" */ = {
			isa = XCConfigurationList;
			buildConfigurations = (
				FBC3CBE021C878AE00266D7B /* Debug */,
				FBC3CBE121C878AE00266D7B /* Release */,
			);
			defaultConfigurationIsVisible = 0;
			defaultConfigurationName = Release;
		};
		FBF7BF1D21D05429002BFA66 /* Build configuration list for PBXNativeTarget "MacroPieTests" */ = {
			isa = XCConfigurationList;
			buildConfigurations = (
				FBF7BF1E21D05429002BFA66 /* Debug */,
				FBF7BF1F21D05429002BFA66 /* Release */,
			);
			defaultConfigurationIsVisible = 0;
			defaultConfigurationName = Release;
		};
/* End XCConfigurationList section */

/* Begin XCVersionGroup section */
		FBC3CBB821C878AC00266D7B /* MacroPie.xcdatamodeld */ = {
			isa = XCVersionGroup;
			children = (
				FBC3CBB921C878AC00266D7B /* MacroPie.xcdatamodel */,
			);
			currentVersion = FBC3CBB921C878AC00266D7B /* MacroPie.xcdatamodel */;
			path = MacroPie.xcdatamodeld;
			sourceTree = "<group>";
			versionGroupType = wrapper.xcdatamodel;
		};
/* End XCVersionGroup section */
	};
	rootObject = FBC3CBA621C878AB00266D7B /* Project object */;
}
